
Microsoft Visual Studio Solution File, Format Version 12.00
# Visual Studio 15
VisualStudioVersion = 15.0.28306.52
MinimumVisualStudioVersion = 10.0.40219.1
Project("{FAE04EC0-301F-11D3-BF4B-00C04F79EFBC}") = "WindowsFormsApp1", "WindowsFormsApp1\WindowsFormsApp1.csproj", "{FE5808C7-8B16-4BC9-AA64-744567F67DAD}"
EndProject
Global
	GlobalSection(SolutionConfigurationPlatforms) = preSolution
		Debug|Any CPU = Debug|Any CPU
		Release|Any CPU = Release|Any CPU
	EndGlobalSection
	GlobalSection(ProjectConfigurationPlatforms) = postSolution
		{FE5808C7-8B16-4BC9-AA64-744567F67DAD}.Debug|Any CPU.ActiveCfg = Debug|Any CPU
		{FE5808C7-8B16-4BC9-AA64-744567F67DAD}.Debug|Any CPU.Build.0 = Debug|Any CPU
		{FE5808C7-8B16-4BC9-AA64-744567F67DAD}.Release|Any CPU.ActiveCfg = Release|Any CPU
		{FE5808C7-8B16-4BC9-AA64-744567F67DAD}.Release|Any CPU.Build.0 = Release|Any CPU
	EndGlobalSection
	GlobalSection(SolutionProperties) = preSolution
		HideSolutionNode = FALSE
	EndGlobalSection
	GlobalSection(ExtensibilityGlobals) = postSolution
		SolutionGuid = {0333D866-5C6B-4ED3-B682-D22157DB1FD7}
	EndGlobalSection
EndGlobal
